
Microsoft Visual Studio Solution File, Format Version 12.00
Project("{FAE04EC0-301F-11D3-BF4B-00C04F79EFBC}") = "Warzone", "Warzone\Warzone.csproj", "{1661FA28-082F-4B03-8909-A313D496690D}"
EndProject
Global
	GlobalSection(SolutionConfigurationPlatforms) = preSolution
		Debug|Any CPU = Debug|Any CPU
		Release|Any CPU = Release|Any CPU
	EndGlobalSection
	GlobalSection(ProjectConfigurationPlatforms) = postSolution
		{1661FA28-082F-4B03-8909-A313D496690D}.Debug|Any CPU.ActiveCfg = Debug|Any CPU
		{1661FA28-082F-4B03-8909-A313D496690D}.Debug|Any CPU.Build.0 = Debug|Any CPU
		{1661FA28-082F-4B03-8909-A313D496690D}.Release|Any CPU.ActiveCfg = Release|Any CPU
		{1661FA28-082F-4B03-8909-A313D496690D}.Release|Any CPU.Build.0 = Release|Any CPU
	EndGlobalSection
EndGlobal
